// !$*UTF8*$!
{
	archiveVersion = 1;
	classes = {
	};
	objectVersion = 50;
	objects = {

/* Begin PBXBuildFile section */
		4C20369021B1DE2B00F32A7F /* AppDelegate.swift in Sources */ = {isa = PBXBuildFile; fileRef = 4C20368F21B1DE2B00F32A7F /* AppDelegate.swift */; };
		4C20369521B1DE2B00F32A7F /* Main.storyboard in Resources */ = {isa = PBXBuildFile; fileRef = 4C20369321B1DE2B00F32A7F /* Main.storyboard */; };
		4C20369721B1DE2E00F32A7F /* Assets.xcassets in Resources */ = {isa = PBXBuildFile; fileRef = 4C20369621B1DE2E00F32A7F /* Assets.xcassets */; };
		4C20369A21B1DE2E00F32A7F /* LaunchScreen.storyboard in Resources */ = {isa = PBXBuildFile; fileRef = 4C20369821B1DE2E00F32A7F /* LaunchScreen.storyboard */; };
		4C2036A521B1DE2E00F32A7F /* QuotiaTests.swift in Sources */ = {isa = PBXBuildFile; fileRef = 4C2036A421B1DE2E00F32A7F /* QuotiaTests.swift */; };
		4C2036B021B1DE2E00F32A7F /* QuotiaUITests.swift in Sources */ = {isa = PBXBuildFile; fileRef = 4C2036AF21B1DE2E00F32A7F /* QuotiaUITests.swift */; };
		4C2036C421B3133900F32A7F /* OverviewCollectionViewController.swift in Sources */ = {isa = PBXBuildFile; fileRef = 4C2036C321B3133900F32A7F /* OverviewCollectionViewController.swift */; };
		4C2036D221B31C9300F32A7F /* Images.plist in Resources */ = {isa = PBXBuildFile; fileRef = 4C2036CA21B31C9300F32A7F /* Images.plist */; };
		4C2036D321B31C9300F32A7F /* Images.plist in Resources */ = {isa = PBXBuildFile; fileRef = 4C2036CA21B31C9300F32A7F /* Images.plist */; };
		4C2036D421B31C9300F32A7F /* Images.plist in Resources */ = {isa = PBXBuildFile; fileRef = 4C2036CA21B31C9300F32A7F /* Images.plist */; };
		4C2036D521B31C9300F32A7F /* Quotes.plist in Resources */ = {isa = PBXBuildFile; fileRef = 4C2036CB21B31C9300F32A7F /* Quotes.plist */; };
		4C2036D621B31C9300F32A7F /* Quotes.plist in Resources */ = {isa = PBXBuildFile; fileRef = 4C2036CB21B31C9300F32A7F /* Quotes.plist */; };
		4C2036D721B31C9300F32A7F /* Quotes.plist in Resources */ = {isa = PBXBuildFile; fileRef = 4C2036CB21B31C9300F32A7F /* Quotes.plist */; };
		4C2036D821B31C9300F32A7F /* Categories.plist in Resources */ = {isa = PBXBuildFile; fileRef = 4C2036CC21B31C9300F32A7F /* Categories.plist */; };
		4C2036D921B31C9300F32A7F /* Categories.plist in Resources */ = {isa = PBXBuildFile; fileRef = 4C2036CC21B31C9300F32A7F /* Categories.plist */; };
		4C2036DA21B31C9300F32A7F /* Categories.plist in Resources */ = {isa = PBXBuildFile; fileRef = 4C2036CC21B31C9300F32A7F /* Categories.plist */; };
		4C2036DB21B31C9300F32A7F /* Image.swift in Sources */ = {isa = PBXBuildFile; fileRef = 4C2036CE21B31C9300F32A7F /* Image.swift */; };
		4C2036DC21B31C9300F32A7F /* Image.swift in Sources */ = {isa = PBXBuildFile; fileRef = 4C2036CE21B31C9300F32A7F /* Image.swift */; };
		4C2036DD21B31C9300F32A7F /* Image.swift in Sources */ = {isa = PBXBuildFile; fileRef = 4C2036CE21B31C9300F32A7F /* Image.swift */; };
		4C2036DE21B31C9300F32A7F /* Quote.swift in Sources */ = {isa = PBXBuildFile; fileRef = 4C2036CF21B31C9300F32A7F /* Quote.swift */; };
		4C2036DF21B31C9300F32A7F /* Quote.swift in Sources */ = {isa = PBXBuildFile; fileRef = 4C2036CF21B31C9300F32A7F /* Quote.swift */; };
		4C2036E021B31C9300F32A7F /* Quote.swift in Sources */ = {isa = PBXBuildFile; fileRef = 4C2036CF21B31C9300F32A7F /* Quote.swift */; };
		4C2036E121B31C9300F32A7F /* Category.swift in Sources */ = {isa = PBXBuildFile; fileRef = 4C2036D021B31C9300F32A7F /* Category.swift */; };
		4C2036E221B31C9300F32A7F /* Category.swift in Sources */ = {isa = PBXBuildFile; fileRef = 4C2036D021B31C9300F32A7F /* Category.swift */; };
		4C2036E321B31C9300F32A7F /* Category.swift in Sources */ = {isa = PBXBuildFile; fileRef = 4C2036D021B31C9300F32A7F /* Category.swift */; };
		4C2036E421B31C9300F32A7F /* DataRequest.swift in Sources */ = {isa = PBXBuildFile; fileRef = 4C2036D121B31C9300F32A7F /* DataRequest.swift */; };
		4C2036E521B31C9300F32A7F /* DataRequest.swift in Sources */ = {isa = PBXBuildFile; fileRef = 4C2036D121B31C9300F32A7F /* DataRequest.swift */; };
		4C2036E621B31C9300F32A7F /* DataRequest.swift in Sources */ = {isa = PBXBuildFile; fileRef = 4C2036D121B31C9300F32A7F /* DataRequest.swift */; };
		4C2036EE21B31D0200F32A7F /* Montserrat-Medium.ttf in Resources */ = {isa = PBXBuildFile; fileRef = 4C2036E921B31D0200F32A7F /* Montserrat-Medium.ttf */; };
		4C2036EF21B31D0200F32A7F /* Montserrat-Medium.ttf in Resources */ = {isa = PBXBuildFile; fileRef = 4C2036E921B31D0200F32A7F /* Montserrat-Medium.ttf */; };
		4C2036F021B31D0200F32A7F /* Montserrat-Medium.ttf in Resources */ = {isa = PBXBuildFile; fileRef = 4C2036E921B31D0200F32A7F /* Montserrat-Medium.ttf */; };
		4C2036F121B31D0200F32A7F /* Montserrat-ExtraLight.ttf in Resources */ = {isa = PBXBuildFile; fileRef = 4C2036EA21B31D0200F32A7F /* Montserrat-ExtraLight.ttf */; };
		4C2036F221B31D0200F32A7F /* Montserrat-ExtraLight.ttf in Resources */ = {isa = PBXBuildFile; fileRef = 4C2036EA21B31D0200F32A7F /* Montserrat-ExtraLight.ttf */; };
		4C2036F321B31D0200F32A7F /* Montserrat-ExtraLight.ttf in Resources */ = {isa = PBXBuildFile; fileRef = 4C2036EA21B31D0200F32A7F /* Montserrat-ExtraLight.ttf */; };
		4C2036F421B31D0200F32A7F /* Montserrat-Bold.ttf in Resources */ = {isa = PBXBuildFile; fileRef = 4C2036EB21B31D0200F32A7F /* Montserrat-Bold.ttf */; };
		4C2036F521B31D0200F32A7F /* Montserrat-Bold.ttf in Resources */ = {isa = PBXBuildFile; fileRef = 4C2036EB21B31D0200F32A7F /* Montserrat-Bold.ttf */; };
		4C2036F621B31D0200F32A7F /* Montserrat-Bold.ttf in Resources */ = {isa = PBXBuildFile; fileRef = 4C2036EB21B31D0200F32A7F /* Montserrat-Bold.ttf */; };
		4C2036F721B31D0200F32A7F /* Montserrat-SemiBold.ttf in Resources */ = {isa = PBXBuildFile; fileRef = 4C2036EC21B31D0200F32A7F /* Montserrat-SemiBold.ttf */; };
		4C2036F821B31D0200F32A7F /* Montserrat-SemiBold.ttf in Resources */ = {isa = PBXBuildFile; fileRef = 4C2036EC21B31D0200F32A7F /* Montserrat-SemiBold.ttf */; };
		4C2036F921B31D0200F32A7F /* Montserrat-SemiBold.ttf in Resources */ = {isa = PBXBuildFile; fileRef = 4C2036EC21B31D0200F32A7F /* Montserrat-SemiBold.ttf */; };
		4C2036FA21B31D0200F32A7F /* Montserrat-Regular.ttf in Resources */ = {isa = PBXBuildFile; fileRef = 4C2036ED21B31D0200F32A7F /* Montserrat-Regular.ttf */; };
		4C2036FB21B31D0200F32A7F /* Montserrat-Regular.ttf in Resources */ = {isa = PBXBuildFile; fileRef = 4C2036ED21B31D0200F32A7F /* Montserrat-Regular.ttf */; };
		4C2036FC21B31D0200F32A7F /* Montserrat-Regular.ttf in Resources */ = {isa = PBXBuildFile; fileRef = 4C2036ED21B31D0200F32A7F /* Montserrat-Regular.ttf */; };
/* End PBXBuildFile section */

/* Begin PBXContainerItemProxy section */
		4C2036A121B1DE2E00F32A7F /* PBXContainerItemProxy */ = {
			isa = PBXContainerItemProxy;
			containerPortal = 4C20368421B1DE2B00F32A7F /* Project object */;
			proxyType = 1;
			remoteGlobalIDString = 4C20368B21B1DE2B00F32A7F;
			remoteInfo = Quotia;
		};
		4C2036AC21B1DE2E00F32A7F /* PBXContainerItemProxy */ = {
			isa = PBXContainerItemProxy;
			containerPortal = 4C20368421B1DE2B00F32A7F /* Project object */;
			proxyType = 1;
			remoteGlobalIDString = 4C20368B21B1DE2B00F32A7F;
			remoteInfo = Quotia;
		};
/* End PBXContainerItemProxy section */

/* Begin PBXFileReference section */
		4C20368C21B1DE2B00F32A7F /* Quotia.app */ = {isa = PBXFileReference; explicitFileType = wrapper.application; includeInIndex = 0; path = Quotia.app; sourceTree = BUILT_PRODUCTS_DIR; };
		4C20368F21B1DE2B00F32A7F /* AppDelegate.swift */ = {isa = PBXFileReference; lastKnownFileType = sourcecode.swift; path = AppDelegate.swift; sourceTree = "<group>"; };
		4C20369421B1DE2B00F32A7F /* Base */ = {isa = PBXFileReference; lastKnownFileType = file.storyboard; name = Base; path = Base.lproj/Main.storyboard; sourceTree = "<group>"; };
		4C20369621B1DE2E00F32A7F /* Assets.xcassets */ = {isa = PBXFileReference; lastKnownFileType = folder.assetcatalog; path = Assets.xcassets; sourceTree = "<group>"; };
		4C20369921B1DE2E00F32A7F /* Base */ = {isa = PBXFileReference; lastKnownFileType = file.storyboard; name = Base; path = Base.lproj/LaunchScreen.storyboard; sourceTree = "<group>"; };
		4C20369B21B1DE2E00F32A7F /* Info.plist */ = {isa = PBXFileReference; lastKnownFileType = text.plist.xml; path = Info.plist; sourceTree = "<group>"; };
		4C2036A021B1DE2E00F32A7F /* QuotiaTests.xctest */ = {isa = PBXFileReference; explicitFileType = wrapper.cfbundle; includeInIndex = 0; path = QuotiaTests.xctest; sourceTree = BUILT_PRODUCTS_DIR; };
		4C2036A421B1DE2E00F32A7F /* QuotiaTests.swift */ = {isa = PBXFileReference; lastKnownFileType = sourcecode.swift; path = QuotiaTests.swift; sourceTree = "<group>"; };
		4C2036A621B1DE2E00F32A7F /* Info.plist */ = {isa = PBXFileReference; lastKnownFileType = text.plist.xml; path = Info.plist; sourceTree = "<group>"; };
		4C2036AB21B1DE2E00F32A7F /* QuotiaUITests.xctest */ = {isa = PBXFileReference; explicitFileType = wrapper.cfbundle; includeInIndex = 0; path = QuotiaUITests.xctest; sourceTree = BUILT_PRODUCTS_DIR; };
		4C2036AF21B1DE2E00F32A7F /* QuotiaUITests.swift */ = {isa = PBXFileReference; lastKnownFileType = sourcecode.swift; path = QuotiaUITests.swift; sourceTree = "<group>"; };
		4C2036B121B1DE2E00F32A7F /* Info.plist */ = {isa = PBXFileReference; lastKnownFileType = text.plist.xml; path = Info.plist; sourceTree = "<group>"; };
		4C2036C321B3133900F32A7F /* OverviewCollectionViewController.swift */ = {isa = PBXFileReference; lastKnownFileType = sourcecode.swift; path = OverviewCollectionViewController.swift; sourceTree = "<group>"; };
		4C2036CA21B31C9300F32A7F /* Images.plist */ = {isa = PBXFileReference; fileEncoding = 4; lastKnownFileType = text.plist.xml; path = Images.plist; sourceTree = "<group>"; };
		4C2036CB21B31C9300F32A7F /* Quotes.plist */ = {isa = PBXFileReference; fileEncoding = 4; lastKnownFileType = text.plist.xml; path = Quotes.plist; sourceTree = "<group>"; };
		4C2036CC21B31C9300F32A7F /* Categories.plist */ = {isa = PBXFileReference; fileEncoding = 4; lastKnownFileType = text.plist.xml; path = Categories.plist; sourceTree = "<group>"; };
		4C2036CE21B31C9300F32A7F /* Image.swift */ = {isa = PBXFileReference; fileEncoding = 4; lastKnownFileType = sourcecode.swift; path = Image.swift; sourceTree = "<group>"; };
		4C2036CF21B31C9300F32A7F /* Quote.swift */ = {isa = PBXFileReference; fileEncoding = 4; lastKnownFileType = sourcecode.swift; path = Quote.swift; sourceTree = "<group>"; };
		4C2036D021B31C9300F32A7F /* Category.swift */ = {isa = PBXFileReference; fileEncoding = 4; lastKnownFileType = sourcecode.swift; path = Category.swift; sourceTree = "<group>"; };
		4C2036D121B31C9300F32A7F /* DataRequest.swift */ = {isa = PBXFileReference; fileEncoding = 4; lastKnownFileType = sourcecode.swift; path = DataRequest.swift; sourceTree = "<group>"; };
		4C2036E921B31D0200F32A7F /* Montserrat-Medium.ttf */ = {isa = PBXFileReference; lastKnownFileType = file; path = "Montserrat-Medium.ttf"; sourceTree = "<group>"; };
		4C2036EA21B31D0200F32A7F /* Montserrat-ExtraLight.ttf */ = {isa = PBXFileReference; lastKnownFileType = file; path = "Montserrat-ExtraLight.ttf"; sourceTree = "<group>"; };
		4C2036EB21B31D0200F32A7F /* Montserrat-Bold.ttf */ = {isa = PBXFileReference; lastKnownFileType = file; path = "Montserrat-Bold.ttf"; sourceTree = "<group>"; };
		4C2036EC21B31D0200F32A7F /* Montserrat-SemiBold.ttf */ = {isa = PBXFileReference; lastKnownFileType = file; path = "Montserrat-SemiBold.ttf"; sourceTree = "<group>"; };
		4C2036ED21B31D0200F32A7F /* Montserrat-Regular.ttf */ = {isa = PBXFileReference; lastKnownFileType = file; path = "Montserrat-Regular.ttf"; sourceTree = "<group>"; };
/* End PBXFileReference section */

/* Begin PBXFrameworksBuildPhase section */
		4C20368921B1DE2B00F32A7F /* Frameworks */ = {
			isa = PBXFrameworksBuildPhase;
			buildActionMask = 2147483647;
			files = (
			);
			runOnlyForDeploymentPostprocessing = 0;
		};
		4C20369D21B1DE2E00F32A7F /* Frameworks */ = {
			isa = PBXFrameworksBuildPhase;
			buildActionMask = 2147483647;
			files = (
			);
			runOnlyForDeploymentPostprocessing = 0;
		};
		4C2036A821B1DE2E00F32A7F /* Frameworks */ = {
			isa = PBXFrameworksBuildPhase;
			buildActionMask = 2147483647;
			files = (
			);
			runOnlyForDeploymentPostprocessing = 0;
		};
/* End PBXFrameworksBuildPhase section */

/* Begin PBXGroup section */
		4C20368321B1DE2B00F32A7F = {
			isa = PBXGroup;
			children = (
				4C20368E21B1DE2B00F32A7F /* Quotia */,
				4C2036A321B1DE2E00F32A7F /* QuotiaTests */,
				4C2036AE21B1DE2E00F32A7F /* QuotiaUITests */,
				4C20368D21B1DE2B00F32A7F /* Products */,
			);
			sourceTree = "<group>";
		};
		4C20368D21B1DE2B00F32A7F /* Products */ = {
			isa = PBXGroup;
			children = (
				4C20368C21B1DE2B00F32A7F /* Quotia.app */,
				4C2036A021B1DE2E00F32A7F /* QuotiaTests.xctest */,
				4C2036AB21B1DE2E00F32A7F /* QuotiaUITests.xctest */,
			);
			name = Products;
			sourceTree = "<group>";
		};
		4C20368E21B1DE2B00F32A7F /* Quotia */ = {
			isa = PBXGroup;
			children = (
				4C20368F21B1DE2B00F32A7F /* AppDelegate.swift */,
				4C20369B21B1DE2E00F32A7F /* Info.plist */,
				4C2036BE21B1DF0100F32A7F /* Sources */,
				4C2036BD21B1DEF500F32A7F /* Resources */,
			);
			path = Quotia;
			sourceTree = "<group>";
		};
		4C2036A321B1DE2E00F32A7F /* QuotiaTests */ = {
			isa = PBXGroup;
			children = (
				4C2036A421B1DE2E00F32A7F /* QuotiaTests.swift */,
				4C2036A621B1DE2E00F32A7F /* Info.plist */,
			);
			path = QuotiaTests;
			sourceTree = "<group>";
		};
		4C2036AE21B1DE2E00F32A7F /* QuotiaUITests */ = {
			isa = PBXGroup;
			children = (
				4C2036AF21B1DE2E00F32A7F /* QuotiaUITests.swift */,
				4C2036B121B1DE2E00F32A7F /* Info.plist */,
			);
			path = QuotiaUITests;
			sourceTree = "<group>";
		};
		4C2036BD21B1DEF500F32A7F /* Resources */ = {
			isa = PBXGroup;
			children = (
				4C2036C921B31C9300F32A7F /* Data */,
				4C20369321B1DE2B00F32A7F /* Main.storyboard */,
				4C20369621B1DE2E00F32A7F /* Assets.xcassets */,
				4C20369821B1DE2E00F32A7F /* LaunchScreen.storyboard */,
			);
			path = Resources;
			sourceTree = "<group>";
		};
		4C2036BE21B1DF0100F32A7F /* Sources */ = {
			isa = PBXGroup;
			children = (
				4C2036E721B31CA900F32A7F /* Controllers */,
				4C2036CD21B31C9300F32A7F /* Model */,
			);
			path = Sources;
			sourceTree = "<group>";
		};
		4C2036C921B31C9300F32A7F /* Data */ = {
			isa = PBXGroup;
			children = (
				4C2036E821B31D0200F32A7F /* Fonts */,
				4C2036CA21B31C9300F32A7F /* Images.plist */,
				4C2036CB21B31C9300F32A7F /* Quotes.plist */,
				4C2036CC21B31C9300F32A7F /* Categories.plist */,
			);
			path = Data;
			sourceTree = "<group>";
		};
		4C2036CD21B31C9300F32A7F /* Model */ = {
			isa = PBXGroup;
			children = (
				4C2036CE21B31C9300F32A7F /* Image.swift */,
				4C2036CF21B31C9300F32A7F /* Quote.swift */,
				4C2036D021B31C9300F32A7F /* Category.swift */,
				4C2036D121B31C9300F32A7F /* DataRequest.swift */,
			);
			path = Model;
			sourceTree = "<group>";
		};
		4C2036E721B31CA900F32A7F /* Controllers */ = {
			isa = PBXGroup;
			children = (
				4C2036C321B3133900F32A7F /* OverviewCollectionViewController.swift */,
			);
			path = Controllers;
			sourceTree = "<group>";
		};
		4C2036E821B31D0200F32A7F /* Fonts */ = {
			isa = PBXGroup;
			children = (
				4C2036E921B31D0200F32A7F /* Montserrat-Medium.ttf */,
				4C2036EA21B31D0200F32A7F /* Montserrat-ExtraLight.ttf */,
				4C2036EB21B31D0200F32A7F /* Montserrat-Bold.ttf */,
				4C2036EC21B31D0200F32A7F /* Montserrat-SemiBold.ttf */,
				4C2036ED21B31D0200F32A7F /* Montserrat-Regular.ttf */,
			);
			path = Fonts;
			sourceTree = "<group>";
		};
/* End PBXGroup section */

/* Begin PBXNativeTarget section */
		4C20368B21B1DE2B00F32A7F /* Quotia */ = {
			isa = PBXNativeTarget;
			buildConfigurationList = 4C2036B421B1DE2E00F32A7F /* Build configuration list for PBXNativeTarget "Quotia" */;
			buildPhases = (
				4C20368821B1DE2B00F32A7F /* Sources */,
				4C20368921B1DE2B00F32A7F /* Frameworks */,
				4C20368A21B1DE2B00F32A7F /* Resources */,
			);
			buildRules = (
			);
			dependencies = (
			);
			name = Quotia;
			productName = Quotia;
			productReference = 4C20368C21B1DE2B00F32A7F /* Quotia.app */;
			productType = "com.apple.product-type.application";
		};
		4C20369F21B1DE2E00F32A7F /* QuotiaTests */ = {
			isa = PBXNativeTarget;
			buildConfigurationList = 4C2036B721B1DE2E00F32A7F /* Build configuration list for PBXNativeTarget "QuotiaTests" */;
			buildPhases = (
				4C20369C21B1DE2E00F32A7F /* Sources */,
				4C20369D21B1DE2E00F32A7F /* Frameworks */,
				4C20369E21B1DE2E00F32A7F /* Resources */,
			);
			buildRules = (
			);
			dependencies = (
				4C2036A221B1DE2E00F32A7F /* PBXTargetDependency */,
			);
			name = QuotiaTests;
			productName = QuotiaTests;
			productReference = 4C2036A021B1DE2E00F32A7F /* QuotiaTests.xctest */;
			productType = "com.apple.product-type.bundle.unit-test";
		};
		4C2036AA21B1DE2E00F32A7F /* QuotiaUITests */ = {
			isa = PBXNativeTarget;
			buildConfigurationList = 4C2036BA21B1DE2E00F32A7F /* Build configuration list for PBXNativeTarget "QuotiaUITests" */;
			buildPhases = (
				4C2036A721B1DE2E00F32A7F /* Sources */,
				4C2036A821B1DE2E00F32A7F /* Frameworks */,
				4C2036A921B1DE2E00F32A7F /* Resources */,
			);
			buildRules = (
			);
			dependencies = (
				4C2036AD21B1DE2E00F32A7F /* PBXTargetDependency */,
			);
			name = QuotiaUITests;
			productName = QuotiaUITests;
			productReference = 4C2036AB21B1DE2E00F32A7F /* QuotiaUITests.xctest */;
			productType = "com.apple.product-type.bundle.ui-testing";
		};
/* End PBXNativeTarget section */

/* Begin PBXProject section */
		4C20368421B1DE2B00F32A7F /* Project object */ = {
			isa = PBXProject;
			attributes = {
				LastSwiftUpdateCheck = 1010;
				LastUpgradeCheck = 1010;
				ORGANIZATIONNAME = "Nikita Teslyuk";
				TargetAttributes = {
					4C20368B21B1DE2B00F32A7F = {
						CreatedOnToolsVersion = 10.1;
					};
					4C20369F21B1DE2E00F32A7F = {
						CreatedOnToolsVersion = 10.1;
						TestTargetID = 4C20368B21B1DE2B00F32A7F;
					};
					4C2036AA21B1DE2E00F32A7F = {
						CreatedOnToolsVersion = 10.1;
						TestTargetID = 4C20368B21B1DE2B00F32A7F;
					};
				};
			};
			buildConfigurationList = 4C20368721B1DE2B00F32A7F /* Build configuration list for PBXProject "Quotia" */;
			compatibilityVersion = "Xcode 9.3";
			developmentRegion = en;
			hasScannedForEncodings = 0;
			knownRegions = (
				en,
				Base,
			);
			mainGroup = 4C20368321B1DE2B00F32A7F;
			productRefGroup = 4C20368D21B1DE2B00F32A7F /* Products */;
			projectDirPath = "";
			projectRoot = "";
			targets = (
				4C20368B21B1DE2B00F32A7F /* Quotia */,
				4C20369F21B1DE2E00F32A7F /* QuotiaTests */,
				4C2036AA21B1DE2E00F32A7F /* QuotiaUITests */,
			);
		};
/* End PBXProject section */

/* Begin PBXResourcesBuildPhase section */
		4C20368A21B1DE2B00F32A7F /* Resources */ = {
			isa = PBXResourcesBuildPhase;
			buildActionMask = 2147483647;
			files = (
				4C2036D221B31C9300F32A7F /* Images.plist in Resources */,
				4C2036FA21B31D0200F32A7F /* Montserrat-Regular.ttf in Resources */,
				4C20369A21B1DE2E00F32A7F /* LaunchScreen.storyboard in Resources */,
				4C20369721B1DE2E00F32A7F /* Assets.xcassets in Resources */,
				4C2036EE21B31D0200F32A7F /* Montserrat-Medium.ttf in Resources */,
				4C2036F721B31D0200F32A7F /* Montserrat-SemiBold.ttf in Resources */,
				4C2036D521B31C9300F32A7F /* Quotes.plist in Resources */,
				4C2036F421B31D0200F32A7F /* Montserrat-Bold.ttf in Resources */,
				4C2036F121B31D0200F32A7F /* Montserrat-ExtraLight.ttf in Resources */,
				4C2036D821B31C9300F32A7F /* Categories.plist in Resources */,
				4C20369521B1DE2B00F32A7F /* Main.storyboard in Resources */,
			);
			runOnlyForDeploymentPostprocessing = 0;
		};
		4C20369E21B1DE2E00F32A7F /* Resources */ = {
			isa = PBXResourcesBuildPhase;
			buildActionMask = 2147483647;
			files = (
				4C2036FB21B31D0200F32A7F /* Montserrat-Regular.ttf in Resources */,
				4C2036D321B31C9300F32A7F /* Images.plist in Resources */,
				4C2036D921B31C9300F32A7F /* Categories.plist in Resources */,
				4C2036F521B31D0200F32A7F /* Montserrat-Bold.ttf in Resources */,
				4C2036F821B31D0200F32A7F /* Montserrat-SemiBold.ttf in Resources */,
				4C2036EF21B31D0200F32A7F /* Montserrat-Medium.ttf in Resources */,
				4C2036D621B31C9300F32A7F /* Quotes.plist in Resources */,
				4C2036F221B31D0200F32A7F /* Montserrat-ExtraLight.ttf in Resources */,
			);
			runOnlyForDeploymentPostprocessing = 0;
		};
		4C2036A921B1DE2E00F32A7F /* Resources */ = {
			isa = PBXResourcesBuildPhase;
			buildActionMask = 2147483647;
			files = (
				4C2036FC21B31D0200F32A7F /* Montserrat-Regular.ttf in Resources */,
				4C2036D421B31C9300F32A7F /* Images.plist in Resources */,
				4C2036DA21B31C9300F32A7F /* Categories.plist in Resources */,
				4C2036F621B31D0200F32A7F /* Montserrat-Bold.ttf in Resources */,
				4C2036F921B31D0200F32A7F /* Montserrat-SemiBold.ttf in Resources */,
				4C2036F021B31D0200F32A7F /* Montserrat-Medium.ttf in Resources */,
				4C2036D721B31C9300F32A7F /* Quotes.plist in Resources */,
				4C2036F321B31D0200F32A7F /* Montserrat-ExtraLight.ttf in Resources */,
			);
			runOnlyForDeploymentPostprocessing = 0;
		};
/* End PBXResourcesBuildPhase section */

/* Begin PBXSourcesBuildPhase section */
		4C20368821B1DE2B00F32A7F /* Sources */ = {
			isa = PBXSourcesBuildPhase;
			buildActionMask = 2147483647;
			files = (
				4C2036DE21B31C9300F32A7F /* Quote.swift in Sources */,
				4C2036E121B31C9300F32A7F /* Category.swift in Sources */,
				4C20369021B1DE2B00F32A7F /* AppDelegate.swift in Sources */,
				4C2036E421B31C9300F32A7F /* DataRequest.swift in Sources */,
				4C2036DB21B31C9300F32A7F /* Image.swift in Sources */,
				4C2036C421B3133900F32A7F /* OverviewCollectionViewController.swift in Sources */,
			);
			runOnlyForDeploymentPostprocessing = 0;
		};
		4C20369C21B1DE2E00F32A7F /* Sources */ = {
			isa = PBXSourcesBuildPhase;
			buildActionMask = 2147483647;
			files = (
				4C2036A521B1DE2E00F32A7F /* QuotiaTests.swift in Sources */,
				4C2036E521B31C9300F32A7F /* DataRequest.swift in Sources */,
				4C2036DF21B31C9300F32A7F /* Quote.swift in Sources */,
				4C2036DC21B31C9300F32A7F /* Image.swift in Sources */,
				4C2036E221B31C9300F32A7F /* Category.swift in Sources */,
			);
			runOnlyForDeploymentPostprocessing = 0;
		};
		4C2036A721B1DE2E00F32A7F /* Sources */ = {
			isa = PBXSourcesBuildPhase;
			buildActionMask = 2147483647;
			files = (
				4C2036B021B1DE2E00F32A7F /* QuotiaUITests.swift in Sources */,
				4C2036E621B31C9300F32A7F /* DataRequest.swift in Sources */,
				4C2036E021B31C9300F32A7F /* Quote.swift in Sources */,
				4C2036DD21B31C9300F32A7F /* Image.swift in Sources */,
				4C2036E321B31C9300F32A7F /* Category.swift in Sources */,
			);
			runOnlyForDeploymentPostprocessing = 0;
		};
/* End PBXSourcesBuildPhase section */

/* Begin PBXTargetDependency section */
		4C2036A221B1DE2E00F32A7F /* PBXTargetDependency */ = {
			isa = PBXTargetDependency;
			target = 4C20368B21B1DE2B00F32A7F /* Quotia */;
			targetProxy = 4C2036A121B1DE2E00F32A7F /* PBXContainerItemProxy */;
		};
		4C2036AD21B1DE2E00F32A7F /* PBXTargetDependency */ = {
			isa = PBXTargetDependency;
			target = 4C20368B21B1DE2B00F32A7F /* Quotia */;
			targetProxy = 4C2036AC21B1DE2E00F32A7F /* PBXContainerItemProxy */;
		};
/* End PBXTargetDependency section */

/* Begin PBXVariantGroup section */
		4C20369321B1DE2B00F32A7F /* Main.storyboard */ = {
			isa = PBXVariantGroup;
			children = (
				4C20369421B1DE2B00F32A7F /* Base */,
			);
			name = Main.storyboard;
			sourceTree = "<group>";
		};
		4C20369821B1DE2E00F32A7F /* LaunchScreen.storyboard */ = {
			isa = PBXVariantGroup;
			children = (
				4C20369921B1DE2E00F32A7F /* Base */,
			);
			name = LaunchScreen.storyboard;
			sourceTree = "<group>";
		};
/* End PBXVariantGroup section */

/* Begin XCBuildConfiguration section */
		4C2036B221B1DE2E00F32A7F /* Debug */ = {
			isa = XCBuildConfiguration;
			buildSettings = {
				ALWAYS_SEARCH_USER_PATHS = NO;
				CLANG_ANALYZER_NONNULL = YES;
				CLANG_ANALYZER_NUMBER_OBJECT_CONVERSION = YES_AGGRESSIVE;
				CLANG_CXX_LANGUAGE_STANDARD = "gnu++14";
				CLANG_CXX_LIBRARY = "libc++";
				CLANG_ENABLE_MODULES = YES;
				CLANG_ENABLE_OBJC_ARC = YES;
				CLANG_ENABLE_OBJC_WEAK = YES;
				CLANG_WARN_BLOCK_CAPTURE_AUTORELEASING = YES;
				CLANG_WARN_BOOL_CONVERSION = YES;
				CLANG_WARN_COMMA = YES;
				CLANG_WARN_CONSTANT_CONVERSION = YES;
				CLANG_WARN_DEPRECATED_OBJC_IMPLEMENTATIONS = YES;
				CLANG_WARN_DIRECT_OBJC_ISA_USAGE = YES_ERROR;
				CLANG_WARN_DOCUMENTATION_COMMENTS = YES;
				CLANG_WARN_EMPTY_BODY = YES;
				CLANG_WARN_ENUM_CONVERSION = YES;
				CLANG_WARN_INFINITE_RECURSION = YES;
				CLANG_WARN_INT_CONVERSION = YES;
				CLANG_WARN_NON_LITERAL_NULL_CONVERSION = YES;
				CLANG_WARN_OBJC_IMPLICIT_RETAIN_SELF = YES;
				CLANG_WARN_OBJC_LITERAL_CONVERSION = YES;
				CLANG_WARN_OBJC_ROOT_CLASS = YES_ERROR;
				CLANG_WARN_RANGE_LOOP_ANALYSIS = YES;
				CLANG_WARN_STRICT_PROTOTYPES = YES;
				CLANG_WARN_SUSPICIOUS_MOVE = YES;
				CLANG_WARN_UNGUARDED_AVAILABILITY = YES_AGGRESSIVE;
				CLANG_WARN_UNREACHABLE_CODE = YES;
				CLANG_WARN__DUPLICATE_METHOD_MATCH = YES;
				CODE_SIGN_IDENTITY = "iPhone Developer";
				COPY_PHASE_STRIP = NO;
				DEBUG_INFORMATION_FORMAT = dwarf;
				ENABLE_STRICT_OBJC_MSGSEND = YES;
				ENABLE_TESTABILITY = YES;
				GCC_C_LANGUAGE_STANDARD = gnu11;
				GCC_DYNAMIC_NO_PIC = NO;
				GCC_NO_COMMON_BLOCKS = YES;
				GCC_OPTIMIZATION_LEVEL = 0;
				GCC_PREPROCESSOR_DEFINITIONS = (
					"DEBUG=1",
					"$(inherited)",
				);
				GCC_WARN_64_TO_32_BIT_CONVERSION = YES;
				GCC_WARN_ABOUT_RETURN_TYPE = YES_ERROR;
				GCC_WARN_UNDECLARED_SELECTOR = YES;
				GCC_WARN_UNINITIALIZED_AUTOS = YES_AGGRESSIVE;
				GCC_WARN_UNUSED_FUNCTION = YES;
				GCC_WARN_UNUSED_VARIABLE = YES;
				IPHONEOS_DEPLOYMENT_TARGET = 12.1;
				MTL_ENABLE_DEBUG_INFO = INCLUDE_SOURCE;
				MTL_FAST_MATH = YES;
				ONLY_ACTIVE_ARCH = YES;
				SDKROOT = iphoneos;
				SWIFT_ACTIVE_COMPILATION_CONDITIONS = DEBUG;
				SWIFT_OPTIMIZATION_LEVEL = "-Onone";
			};
			name = Debug;
		};
		4C2036B321B1DE2E00F32A7F /* Release */ = {
			isa = XCBuildConfiguration;
			buildSettings = {
				ALWAYS_SEARCH_USER_PATHS = NO;
				CLANG_ANALYZER_NONNULL = YES;
				CLANG_ANALYZER_NUMBER_OBJECT_CONVERSION = YES_AGGRESSIVE;
				CLANG_CXX_LANGUAGE_STANDARD = "gnu++14";
				CLANG_CXX_LIBRARY = "libc++";
				CLANG_ENABLE_MODULES = YES;
				CLANG_ENABLE_OBJC_ARC = YES;
				CLANG_ENABLE_OBJC_WEAK = YES;
				CLANG_WARN_BLOCK_CAPTURE_AUTORELEASING = YES;
				CLANG_WARN_BOOL_CONVERSION = YES;
				CLANG_WARN_COMMA = YES;
				CLANG_WARN_CONSTANT_CONVERSION = YES;
				CLANG_WARN_DEPRECATED_OBJC_IMPLEMENTATIONS = YES;
				CLANG_WARN_DIRECT_OBJC_ISA_USAGE = YES_ERROR;
				CLANG_WARN_DOCUMENTATION_COMMENTS = YES;
				CLANG_WARN_EMPTY_BODY = YES;
				CLANG_WARN_ENUM_CONVERSION = YES;
				CLANG_WARN_INFINITE_RECURSION = YES;
				CLANG_WARN_INT_CONVERSION = YES;
				CLANG_WARN_NON_LITERAL_NULL_CONVERSION = YES;
				CLANG_WARN_OBJC_IMPLICIT_RETAIN_SELF = YES;
				CLANG_WARN_OBJC_LITERAL_CONVERSION = YES;
				CLANG_WARN_OBJC_ROOT_CLASS = YES_ERROR;
				CLANG_WARN_RANGE_LOOP_ANALYSIS = YES;
				CLANG_WARN_STRICT_PROTOTYPES = YES;
				CLANG_WARN_SUSPICIOUS_MOVE = YES;
				CLANG_WARN_UNGUARDED_AVAILABILITY = YES_AGGRESSIVE;
				CLANG_WARN_UNREACHABLE_CODE = YES;
				CLANG_WARN__DUPLICATE_METHOD_MATCH = YES;
				CODE_SIGN_IDENTITY = "iPhone Developer";
				COPY_PHASE_STRIP = NO;
				DEBUG_INFORMATION_FORMAT = "dwarf-with-dsym";
				ENABLE_NS_ASSERTIONS = NO;
				ENABLE_STRICT_OBJC_MSGSEND = YES;
				GCC_C_LANGUAGE_STANDARD = gnu11;
				GCC_NO_COMMON_BLOCKS = YES;
				GCC_WARN_64_TO_32_BIT_CONVERSION = YES;
				GCC_WARN_ABOUT_RETURN_TYPE = YES_ERROR;
				GCC_WARN_UNDECLARED_SELECTOR = YES;
				GCC_WARN_UNINITIALIZED_AUTOS = YES_AGGRESSIVE;
				GCC_WARN_UNUSED_FUNCTION = YES;
				GCC_WARN_UNUSED_VARIABLE = YES;
				IPHONEOS_DEPLOYMENT_TARGET = 12.1;
				MTL_ENABLE_DEBUG_INFO = NO;
				MTL_FAST_MATH = YES;
				SDKROOT = iphoneos;
				SWIFT_COMPILATION_MODE = wholemodule;
				SWIFT_OPTIMIZATION_LEVEL = "-O";
				VALIDATE_PRODUCT = YES;
			};
			name = Release;
		};
		4C2036B521B1DE2E00F32A7F /* Debug */ = {
			isa = XCBuildConfiguration;
			buildSettings = {
				ASSETCATALOG_COMPILER_APPICON_NAME = AppIcon;
				CODE_SIGN_STYLE = Automatic;
				DEVELOPMENT_TEAM = CJS444RRKW;
				INFOPLIST_FILE = Quotia/Info.plist;
				LD_RUNPATH_SEARCH_PATHS = (
					"$(inherited)",
					"@executable_path/Frameworks",
				);
				PRODUCT_BUNDLE_IDENTIFIER = com.developer.tesnik.Quotia;
				PRODUCT_NAME = "$(TARGET_NAME)";
				SWIFT_VERSION = 4.2;
				TARGETED_DEVICE_FAMILY = "1,2";
			};
			name = Debug;
		};
		4C2036B621B1DE2E00F32A7F /* Release */ = {
			isa = XCBuildConfiguration;
			buildSettings = {
				ASSETCATALOG_COMPILER_APPICON_NAME = AppIcon;
				CODE_SIGN_STYLE = Automatic;
				DEVELOPMENT_TEAM = CJS444RRKW;
				INFOPLIST_FILE = Quotia/Info.plist;
				LD_RUNPATH_SEARCH_PATHS = (
					"$(inherited)",
					"@executable_path/Frameworks",
				);
				PRODUCT_BUNDLE_IDENTIFIER = com.developer.tesnik.Quotia;
				PRODUCT_NAME = "$(TARGET_NAME)";
				SWIFT_VERSION = 4.2;
				TARGETED_DEVICE_FAMILY = "1,2";
			};
			name = Release;
		};
		4C2036B821B1DE2E00F32A7F /* Debug */ = {
			isa = XCBuildConfiguration;
			buildSettings = {
				ALWAYS_EMBED_SWIFT_STANDARD_LIBRARIES = YES;
				BUNDLE_LOADER = "$(TEST_HOST)";
				CODE_SIGN_STYLE = Automatic;
				DEVELOPMENT_TEAM = CJS444RRKW;
				INFOPLIST_FILE = QuotiaTests/Info.plist;
				LD_RUNPATH_SEARCH_PATHS = (
					"$(inherited)",
					"@executable_path/Frameworks",
					"@loader_path/Frameworks",
				);
				PRODUCT_BUNDLE_IDENTIFIER = com.developer.tesnik.QuotiaTests;
				PRODUCT_NAME = "$(TARGET_NAME)";
				SWIFT_VERSION = 4.2;
				TARGETED_DEVICE_FAMILY = "1,2";
				TEST_HOST = "$(BUILT_PRODUCTS_DIR)/Quotia.app/Quotia";
			};
			name = Debug;
		};
		4C2036B921B1DE2E00F32A7F /* Release */ = {
			isa = XCBuildConfiguration;
			buildSettings = {
				ALWAYS_EMBED_SWIFT_STANDARD_LIBRARIES = YES;
				BUNDLE_LOADER = "$(TEST_HOST)";
				CODE_SIGN_STYLE = Automatic;
				DEVELOPMENT_TEAM = CJS444RRKW;
				INFOPLIST_FILE = QuotiaTests/Info.plist;
				LD_RUNPATH_SEARCH_PATHS = (
					"$(inherited)",
					"@executable_path/Frameworks",
					"@loader_path/Frameworks",
				);
				PRODUCT_BUNDLE_IDENTIFIER = com.developer.tesnik.QuotiaTests;
				PRODUCT_NAME = "$(TARGET_NAME)";
				SWIFT_VERSION = 4.2;
				TARGETED_DEVICE_FAMILY = "1,2";
				TEST_HOST = "$(BUILT_PRODUCTS_DIR)/Quotia.app/Quotia";
			};
			name = Release;
		};
		4C2036BB21B1DE2E00F32A7F /* Debug */ = {
			isa = XCBuildConfiguration;
			buildSettings = {
				ALWAYS_EMBED_SWIFT_STANDARD_LIBRARIES = YES;
				CODE_SIGN_STYLE = Automatic;
				DEVELOPMENT_TEAM = CJS444RRKW;
				INFOPLIST_FILE = QuotiaUITests/Info.plist;
				LD_RUNPATH_SEARCH_PATHS = (
					"$(inherited)",
					"@executable_path/Frameworks",
					"@loader_path/Frameworks",
				);
				PRODUCT_BUNDLE_IDENTIFIER = com.developer.tesnik.QuotiaUITests;
				PRODUCT_NAME = "$(TARGET_NAME)";
				SWIFT_VERSION = 4.2;
				TARGETED_DEVICE_FAMILY = "1,2";
				TEST_TARGET_NAME = Quotia;
			};
			name = Debug;
		};
		4C2036BC21B1DE2E00F32A7F /* Release */ = {
			isa = XCBuildConfiguration;
			buildSettings = {
				ALWAYS_EMBED_SWIFT_STANDARD_LIBRARIES = YES;
				CODE_SIGN_STYLE = Automatic;
				DEVELOPMENT_TEAM = CJS444RRKW;
				INFOPLIST_FILE = QuotiaUITests/Info.plist;
				LD_RUNPATH_SEARCH_PATHS = (
					"$(inherited)",
					"@executable_path/Frameworks",
					"@loader_path/Frameworks",
				);
				PRODUCT_BUNDLE_IDENTIFIER = com.developer.tesnik.QuotiaUITests;
				PRODUCT_NAME = "$(TARGET_NAME)";
				SWIFT_VERSION = 4.2;
				TARGETED_DEVICE_FAMILY = "1,2";
				TEST_TARGET_NAME = Quotia;
			};
			name = Release;
		};
/* End XCBuildConfiguration section */

/* Begin XCConfigurationList section */
		4C20368721B1DE2B00F32A7F /* Build configuration list for PBXProject "Quotia" */ = {
			isa = XCConfigurationList;
			buildConfigurations = (
				4C2036B221B1DE2E00F32A7F /* Debug */,
				4C2036B321B1DE2E00F32A7F /* Release */,
			);
			defaultConfigurationIsVisible = 0;
			defaultConfigurationName = Release;
		};
		4C2036B421B1DE2E00F32A7F /* Build configuration list for PBXNativeTarget "Quotia" */ = {
			isa = XCConfigurationList;
			buildConfigurations = (
				4C2036B521B1DE2E00F32A7F /* Debug */,
				4C2036B621B1DE2E00F32A7F /* Release */,
			);
			defaultConfigurationIsVisible = 0;
			defaultConfigurationName = Release;
		};
		4C2036B721B1DE2E00F32A7F /* Build configuration list for PBXNativeTarget "QuotiaTests" */ = {
			isa = XCConfigurationList;
			buildConfigurations = (
				4C2036B821B1DE2E00F32A7F /* Debug */,
				4C2036B921B1DE2E00F32A7F /* Release */,
			);
			defaultConfigurationIsVisible = 0;
			defaultConfigurationName = Release;
		};
		4C2036BA21B1DE2E00F32A7F /* Build configuration list for PBXNativeTarget "QuotiaUITests" */ = {
			isa = XCConfigurationList;
			buildConfigurations = (
				4C2036BB21B1DE2E00F32A7F /* Debug */,
				4C2036BC21B1DE2E00F32A7F /* Release */,
			);
			defaultConfigurationIsVisible = 0;
			defaultConfigurationName = Release;
		};
/* End XCConfigurationList section */
	};
	rootObject = 4C20368421B1DE2B00F32A7F /* Project object */;
}
